// !$*UTF8*$!
{
	archiveVersion = 1;
	classes = {
	};
	objectVersion = 46;
	objects = {

/* Begin PBXBuildFile section */
		7B4F9C5A1D2570BA00B4B924 /* add.png in Resources */ = {isa = PBXBuildFile; fileRef = 7B4F9C591D2570BA00B4B924 /* add.png */; };
		7B4F9C5C1D25758A00B4B924 /* tj.png in Resources */ = {isa = PBXBuildFile; fileRef = 7B4F9C5B1D25758A00B4B924 /* tj.png */; };
		7B8075621C36C2D000C7D0EF /* main.m in Sources */ = {isa = PBXBuildFile; fileRef = 7B8075611C36C2D000C7D0EF /* main.m */; };
		7B8075651C36C2D000C7D0EF /* AppDelegate.m in Sources */ = {isa = PBXBuildFile; fileRef = 7B8075641C36C2D000C7D0EF /* AppDelegate.m */; };
		7B8075681C36C2D000C7D0EF /* ViewController.m in Sources */ = {isa = PBXBuildFile; fileRef = 7B8075671C36C2D000C7D0EF /* ViewController.m */; };
		7B80756B1C36C2D000C7D0EF /* Main.storyboard in Resources */ = {isa = PBXBuildFile; fileRef = 7B8075691C36C2D000C7D0EF /* Main.storyboard */; };
		7B80756D1C36C2D000C7D0EF /* Assets.xcassets in Resources */ = {isa = PBXBuildFile; fileRef = 7B80756C1C36C2D000C7D0EF /* Assets.xcassets */; };
		7B8075701C36C2D000C7D0EF /* LaunchScreen.storyboard in Resources */ = {isa = PBXBuildFile; fileRef = 7B80756E1C36C2D000C7D0EF /* LaunchScreen.storyboard */; };
		7B8075781C39578E00C7D0EF /* backimg.png in Resources */ = {isa = PBXBuildFile; fileRef = 7B8075771C39578E00C7D0EF /* backimg.png */; };
		7B80757B1C39600A00C7D0EF /* 00.png in Resources */ = {isa = PBXBuildFile; fileRef = 7B80757A1C39600A00C7D0EF /* 00.png */; };
		7B80757C1C39606600C7D0EF /* HYShiGuangTiW.ttf in Resources */ = {isa = PBXBuildFile; fileRef = 7B8075791C39598C00C7D0EF /* HYShiGuangTiW.ttf */; };
		7B80757E1C39635C00C7D0EF /* Common.framework in Frameworks */ = {isa = PBXBuildFile; fileRef = 7B80757D1C39635C00C7D0EF /* Common.framework */; };
		7B8075801C39636A00C7D0EF /* Common.framework in CopyFiles */ = {isa = PBXBuildFile; fileRef = 7B80757D1C39635C00C7D0EF /* Common.framework */; settings = {ATTRIBUTES = (CodeSignOnCopy, RemoveHeadersOnCopy, ); }; };
		7B8075821C3965BB00C7D0EF /* logo.png in Resources */ = {isa = PBXBuildFile; fileRef = 7B8075811C3965BB00C7D0EF /* logo.png */; };
		7B8075851C39692100C7D0EF /* btn2.png in Resources */ = {isa = PBXBuildFile; fileRef = 7B8075831C39692100C7D0EF /* btn2.png */; };
		7B8075861C39692100C7D0EF /* btn1.png in Resources */ = {isa = PBXBuildFile; fileRef = 7B8075841C39692100C7D0EF /* btn1.png */; };
		7B8075881C3971CD00C7D0EF /* nickimg.png in Resources */ = {isa = PBXBuildFile; fileRef = 7B8075871C3971CD00C7D0EF /* nickimg.png */; };
		7BAAC0301C3AC06000FED769 /* splash.png in Resources */ = {isa = PBXBuildFile; fileRef = 7BAAC02F1C3AC06000FED769 /* splash.png */; };
		B43146481C3A57EA00BE6A4A /* biviewconttroller.m in Sources */ = {isa = PBXBuildFile; fileRef = B43146471C3A57EA00BE6A4A /* biviewconttroller.m */; };
		B431464A1C3A621500BE6A4A /* cell.xib in Resources */ = {isa = PBXBuildFile; fileRef = B43146491C3A621500BE6A4A /* cell.xib */; };
		B431464D1C3A669E00BE6A4A /* Cell.m in Sources */ = {isa = PBXBuildFile; fileRef = B431464C1C3A669E00BE6A4A /* Cell.m */; };
		B431464F1C3A6AF800BE6A4A /* food_apple.png in Resources */ = {isa = PBXBuildFile; fileRef = B431464E1C3A6AF800BE6A4A /* food_apple.png */; };
		B43146511C3A6B1C00BE6A4A /* food_chicken.png in Resources */ = {isa = PBXBuildFile; fileRef = B43146501C3A6B1C00BE6A4A /* food_chicken.png */; };
		B43146531C3A6B3E00BE6A4A /* food_handbag.png in Resources */ = {isa = PBXBuildFile; fileRef = B43146521C3A6B3E00BE6A4A /* food_handbag.png */; };
		B43146551C3A6D8700BE6A4A /* food_shutiao.png in Resources */ = {isa = PBXBuildFile; fileRef = B43146541C3A6D8700BE6A4A /* food_shutiao.png */; };
		B43146571C3A6D9600BE6A4A /* food_beef.png in Resources */ = {isa = PBXBuildFile; fileRef = B43146561C3A6D9600BE6A4A /* food_beef.png */; };
		B43146591C3A6DA500BE6A4A /* food_egg.png in Resources */ = {isa = PBXBuildFile; fileRef = B43146581C3A6DA500BE6A4A /* food_egg.png */; };
		B431465B1C3A6DB300BE6A4A /* food_rice.png in Resources */ = {isa = PBXBuildFile; fileRef = B431465A1C3A6DB300BE6A4A /* food_rice.png */; };
		B431465D1C3A6DC000BE6A4A /* food_ice.png in Resources */ = {isa = PBXBuildFile; fileRef = B431465C1C3A6DC000BE6A4A /* food_ice.png */; };
		B431465F1C3A6DCF00BE6A4A /* food_xigua.png in Resources */ = {isa = PBXBuildFile; fileRef = B431465E1C3A6DCF00BE6A4A /* food_xigua.png */; };
		B43146611C3A6DE100BE6A4A /* food_qkl.png in Resources */ = {isa = PBXBuildFile; fileRef = B43146601C3A6DE100BE6A4A /* food_qkl.png */; };
/* End PBXBuildFile section */

/* Begin PBXCopyFilesBuildPhase section */
		7B80757F1C39636500C7D0EF /* CopyFiles */ = {
			isa = PBXCopyFilesBuildPhase;
			buildActionMask = 2147483647;
			dstPath = "";
			dstSubfolderSpec = 10;
			files = (
				7B8075801C39636A00C7D0EF /* Common.framework in CopyFiles */,
			);
			runOnlyForDeploymentPostprocessing = 0;
		};
/* End PBXCopyFilesBuildPhase section */

/* Begin PBXFileReference section */
		7B4F9C581D256FF900B4B924 /* Calorie.entitlements */ = {isa = PBXFileReference; lastKnownFileType = text.xml; path = Calorie.entitlements; sourceTree = "<group>"; };
		7B4F9C591D2570BA00B4B924 /* add.png */ = {isa = PBXFileReference; lastKnownFileType = image.png; path = add.png; sourceTree = "<group>"; };
		7B4F9C5B1D25758A00B4B924 /* tj.png */ = {isa = PBXFileReference; lastKnownFileType = image.png; path = tj.png; sourceTree = "<group>"; };
		7B80755D1C36C2D000C7D0EF /* Calorie.app */ = {isa = PBXFileReference; explicitFileType = wrapper.application; includeInIndex = 0; path = Calorie.app; sourceTree = BUILT_PRODUCTS_DIR; };
		7B8075611C36C2D000C7D0EF /* main.m */ = {isa = PBXFileReference; lastKnownFileType = sourcecode.c.objc; path = main.m; sourceTree = "<group>"; };
		7B8075631C36C2D000C7D0EF /* AppDelegate.h */ = {isa = PBXFileReference; lastKnownFileType = sourcecode.c.h; path = AppDelegate.h; sourceTree = "<group>"; };
		7B8075641C36C2D000C7D0EF /* AppDelegate.m */ = {isa = PBXFileReference; lastKnownFileType = sourcecode.c.objc; path = AppDelegate.m; sourceTree = "<group>"; };
		7B8075661C36C2D000C7D0EF /* ViewController.h */ = {isa = PBXFileReference; lastKnownFileType = sourcecode.c.h; path = ViewController.h; sourceTree = "<group>"; };
		7B8075671C36C2D000C7D0EF /* ViewController.m */ = {isa = PBXFileReference; lastKnownFileType = sourcecode.c.objc; path = ViewController.m; sourceTree = "<group>"; };
		7B80756A1C36C2D000C7D0EF /* Base */ = {isa = PBXFileReference; lastKnownFileType = file.storyboard; name = Base; path = Base.lproj/Main.storyboard; sourceTree = "<group>"; };
		7B80756C1C36C2D000C7D0EF /* Assets.xcassets */ = {isa = PBXFileReference; lastKnownFileType = folder.assetcatalog; path = Assets.xcassets; sourceTree = "<group>"; };
		7B80756F1C36C2D000C7D0EF /* Base */ = {isa = PBXFileReference; lastKnownFileType = file.storyboard; name = Base; path = Base.lproj/LaunchScreen.storyboard; sourceTree = "<group>"; };
		7B8075711C36C2D000C7D0EF /* Info.plist */ = {isa = PBXFileReference; lastKnownFileType = text.plist.xml; path = Info.plist; sourceTree = "<group>"; };
		7B8075771C39578E00C7D0EF /* backimg.png */ = {isa = PBXFileReference; lastKnownFileType = image.png; path = backimg.png; sourceTree = "<group>"; };
		7B8075791C39598C00C7D0EF /* HYShiGuangTiW.ttf */ = {isa = PBXFileReference; lastKnownFileType = file; path = HYShiGuangTiW.ttf; sourceTree = "<group>"; };
		7B80757A1C39600A00C7D0EF /* 00.png */ = {isa = PBXFileReference; lastKnownFileType = image.png; path = 00.png; sourceTree = "<group>"; };
		7B80757D1C39635C00C7D0EF /* Common.framework */ = {isa = PBXFileReference; lastKnownFileType = wrapper.framework; path = Common.framework; sourceTree = "<group>"; };
		7B8075811C3965BB00C7D0EF /* logo.png */ = {isa = PBXFileReference; lastKnownFileType = image.png; path = logo.png; sourceTree = "<group>"; };
		7B8075831C39692100C7D0EF /* btn2.png */ = {isa = PBXFileReference; lastKnownFileType = image.png; path = btn2.png; sourceTree = "<group>"; };
		7B8075841C39692100C7D0EF /* btn1.png */ = {isa = PBXFileReference; lastKnownFileType = image.png; path = btn1.png; sourceTree = "<group>"; };
		7B8075871C3971CD00C7D0EF /* nickimg.png */ = {isa = PBXFileReference; lastKnownFileType = image.png; path = nickimg.png; sourceTree = "<group>"; };
		7BAAC02F1C3AC06000FED769 /* splash.png */ = {isa = PBXFileReference; lastKnownFileType = image.png; path = splash.png; sourceTree = "<group>"; };
		B43146461C3A57EA00BE6A4A /* biviewconttroller.h */ = {isa = PBXFileReference; fileEncoding = 4; lastKnownFileType = sourcecode.c.h; path = biviewconttroller.h; sourceTree = "<group>"; };
		B43146471C3A57EA00BE6A4A /* biviewconttroller.m */ = {isa = PBXFileReference; fileEncoding = 4; lastKnownFileType = sourcecode.c.objc; path = biviewconttroller.m; sourceTree = "<group>"; };
		B43146491C3A621500BE6A4A /* cell.xib */ = {isa = PBXFileReference; fileEncoding = 4; lastKnownFileType = file.xib; path = cell.xib; sourceTree = "<group>"; };
		B431464B1C3A669E00BE6A4A /* Cell.h */ = {isa = PBXFileReference; fileEncoding = 4; lastKnownFileType = sourcecode.c.h; path = Cell.h; sourceTree = "<group>"; };
		B431464C1C3A669E00BE6A4A /* Cell.m */ = {isa = PBXFileReference; fileEncoding = 4; lastKnownFileType = sourcecode.c.objc; path = Cell.m; sourceTree = "<group>"; };
		B431464E1C3A6AF800BE6A4A /* food_apple.png */ = {isa = PBXFileReference; lastKnownFileType = image.png; path = food_apple.png; sourceTree = "<group>"; };
		B43146501C3A6B1C00BE6A4A /* food_chicken.png */ = {isa = PBXFileReference; lastKnownFileType = image.png; path = food_chicken.png; sourceTree = "<group>"; };
		B43146521C3A6B3E00BE6A4A /* food_handbag.png */ = {isa = PBXFileReference; lastKnownFileType = image.png; path = food_handbag.png; sourceTree = "<group>"; };
		B43146541C3A6D8700BE6A4A /* food_shutiao.png */ = {isa = PBXFileReference; lastKnownFileType = image.png; path = food_shutiao.png; sourceTree = "<group>"; };
		B43146561C3A6D9600BE6A4A /* food_beef.png */ = {isa = PBXFileReference; lastKnownFileType = image.png; path = food_beef.png; sourceTree = "<group>"; };
		B43146581C3A6DA500BE6A4A /* food_egg.png */ = {isa = PBXFileReference; lastKnownFileType = image.png; path = food_egg.png; sourceTree = "<group>"; };
		B431465A1C3A6DB300BE6A4A /* food_rice.png */ = {isa = PBXFileReference; lastKnownFileType = image.png; path = food_rice.png; sourceTree = "<group>"; };
		B431465C1C3A6DC000BE6A4A /* food_ice.png */ = {isa = PBXFileReference; lastKnownFileType = image.png; path = food_ice.png; sourceTree = "<group>"; };
		B431465E1C3A6DCF00BE6A4A /* food_xigua.png */ = {isa = PBXFileReference; lastKnownFileType = image.png; path = food_xigua.png; sourceTree = "<group>"; };
		B43146601C3A6DE100BE6A4A /* food_qkl.png */ = {isa = PBXFileReference; lastKnownFileType = image.png; path = food_qkl.png; sourceTree = "<group>"; };
/* End PBXFileReference section */

/* Begin PBXFrameworksBuildPhase section */
		7B80755A1C36C2D000C7D0EF /* Frameworks */ = {
			isa = PBXFrameworksBuildPhase;
			buildActionMask = 2147483647;
			files = (
				7B80757E1C39635C00C7D0EF /* Common.framework in Frameworks */,
			);
			runOnlyForDeploymentPostprocessing = 0;
		};
/* End PBXFrameworksBuildPhase section */

/* Begin PBXGroup section */
		7B8075541C36C2CF00C7D0EF = {
			isa = PBXGroup;
			children = (
				7B80755F1C36C2D000C7D0EF /* Calorie */,
				7B80755E1C36C2D000C7D0EF /* Products */,
			);
			sourceTree = "<group>";
		};
		7B80755E1C36C2D000C7D0EF /* Products */ = {
			isa = PBXGroup;
			children = (
				7B80755D1C36C2D000C7D0EF /* Calorie.app */,
			);
			name = Products;
			sourceTree = "<group>";
		};
		7B80755F1C36C2D000C7D0EF /* Calorie */ = {
			isa = PBXGroup;
			children = (
				7B4F9C591D2570BA00B4B924 /* add.png */,
				7B4F9C581D256FF900B4B924 /* Calorie.entitlements */,
				7B4F9C5B1D25758A00B4B924 /* tj.png */,
				7BAAC02F1C3AC06000FED769 /* splash.png */,
				B43146601C3A6DE100BE6A4A /* food_qkl.png */,
				B431465E1C3A6DCF00BE6A4A /* food_xigua.png */,
				B431465C1C3A6DC000BE6A4A /* food_ice.png */,
				B431465A1C3A6DB300BE6A4A /* food_rice.png */,
				B43146581C3A6DA500BE6A4A /* food_egg.png */,
				B43146561C3A6D9600BE6A4A /* food_beef.png */,
				B43146541C3A6D8700BE6A4A /* food_shutiao.png */,
				B43146521C3A6B3E00BE6A4A /* food_handbag.png */,
				B43146501C3A6B1C00BE6A4A /* food_chicken.png */,
				B431464E1C3A6AF800BE6A4A /* food_apple.png */,
				7B8075871C3971CD00C7D0EF /* nickimg.png */,
				7B8075831C39692100C7D0EF /* btn2.png */,
				7B8075841C39692100C7D0EF /* btn1.png */,
				7B8075811C3965BB00C7D0EF /* logo.png */,
				7B80757D1C39635C00C7D0EF /* Common.framework */,
				7B80757A1C39600A00C7D0EF /* 00.png */,
				7B8075791C39598C00C7D0EF /* HYShiGuangTiW.ttf */,
				7B8075771C39578E00C7D0EF /* backimg.png */,
				7B8075631C36C2D000C7D0EF /* AppDelegate.h */,
				7B8075641C36C2D000C7D0EF /* AppDelegate.m */,
				7B8075661C36C2D000C7D0EF /* ViewController.h */,
				7B8075671C36C2D000C7D0EF /* ViewController.m */,
				7B8075691C36C2D000C7D0EF /* Main.storyboard */,
				7B80756C1C36C2D000C7D0EF /* Assets.xcassets */,
				7B80756E1C36C2D000C7D0EF /* LaunchScreen.storyboard */,
				7B8075711C36C2D000C7D0EF /* Info.plist */,
				7B8075601C36C2D000C7D0EF /* Supporting Files */,
				B43146461C3A57EA00BE6A4A /* biviewconttroller.h */,
				B43146471C3A57EA00BE6A4A /* biviewconttroller.m */,
				B43146491C3A621500BE6A4A /* cell.xib */,
				B431464B1C3A669E00BE6A4A /* Cell.h */,
				B431464C1C3A669E00BE6A4A /* Cell.m */,
			);
			path = Calorie;
			sourceTree = "<group>";
		};
		7B8075601C36C2D000C7D0EF /* Supporting Files */ = {
			isa = PBXGroup;
			children = (
				7B8075611C36C2D000C7D0EF /* main.m */,
			);
			name = "Supporting Files";
			sourceTree = "<group>";
		};
/* End PBXGroup section */

/* Begin PBXNativeTarget section */
		7B80755C1C36C2D000C7D0EF /* Calorie */ = {
			isa = PBXNativeTarget;
			buildConfigurationList = 7B8075741C36C2D000C7D0EF /* Build configuration list for PBXNativeTarget "Calorie" */;
			buildPhases = (
				7B8075591C36C2D000C7D0EF /* Sources */,
				7B80755A1C36C2D000C7D0EF /* Frameworks */,
				7B80755B1C36C2D000C7D0EF /* Resources */,
				7B80757F1C39636500C7D0EF /* CopyFiles */,
			);
			buildRules = (
			);
			dependencies = (
			);
			name = Calorie;
			productName = Calorie;
			productReference = 7B80755D1C36C2D000C7D0EF /* Calorie.app */;
			productType = "com.apple.product-type.application";
		};
/* End PBXNativeTarget section */

/* Begin PBXProject section */
		7B8075551C36C2CF00C7D0EF /* Project object */ = {
			isa = PBXProject;
			attributes = {
				LastUpgradeCheck = 0720;
				ORGANIZATIONNAME = com.epoluodi;
				TargetAttributes = {
					7B80755C1C36C2D000C7D0EF = {
						CreatedOnToolsVersion = 7.2;
						DevelopmentTeam = RK2BTW6E76;
						SystemCapabilities = {
							com.apple.HealthKit = {
								enabled = 0;
							};
						};
					};
				};
			};
			buildConfigurationList = 7B8075581C36C2CF00C7D0EF /* Build configuration list for PBXProject "Calorie" */;
			compatibilityVersion = "Xcode 3.2";
			developmentRegion = English;
			hasScannedForEncodings = 0;
			knownRegions = (
				en,
				Base,
			);
			mainGroup = 7B8075541C36C2CF00C7D0EF;
			productRefGroup = 7B80755E1C36C2D000C7D0EF /* Products */;
			projectDirPath = "";
			projectRoot = "";
			targets = (
				7B80755C1C36C2D000C7D0EF /* Calorie */,
			);
		};
/* End PBXProject section */

/* Begin PBXResourcesBuildPhase section */
		7B80755B1C36C2D000C7D0EF /* Resources */ = {
			isa = PBXResourcesBuildPhase;
			buildActionMask = 2147483647;
			files = (
				B431465D1C3A6DC000BE6A4A /* food_ice.png in Resources */,
				7B80757C1C39606600C7D0EF /* HYShiGuangTiW.ttf in Resources */,
				B43146551C3A6D8700BE6A4A /* food_shutiao.png in Resources */,
				B43146591C3A6DA500BE6A4A /* food_egg.png in Resources */,
				7B4F9C5A1D2570BA00B4B924 /* add.png in Resources */,
				B43146511C3A6B1C00BE6A4A /* food_chicken.png in Resources */,
				B43146611C3A6DE100BE6A4A /* food_qkl.png in Resources */,
				B431465B1C3A6DB300BE6A4A /* food_rice.png in Resources */,
				B431464A1C3A621500BE6A4A /* cell.xib in Resources */,
				7BAAC0301C3AC06000FED769 /* splash.png in Resources */,
				7B8075851C39692100C7D0EF /* btn2.png in Resources */,
				7B8075861C39692100C7D0EF /* btn1.png in Resources */,
				7B80757B1C39600A00C7D0EF /* 00.png in Resources */,
				7B8075881C3971CD00C7D0EF /* nickimg.png in Resources */,
				B431464F1C3A6AF800BE6A4A /* food_apple.png in Resources */,
				B43146571C3A6D9600BE6A4A /* food_beef.png in Resources */,
				7B8075781C39578E00C7D0EF /* backimg.png in Resources */,
				B431465F1C3A6DCF00BE6A4A /* food_xigua.png in Resources */,
				7B8075701C36C2D000C7D0EF /* LaunchScreen.storyboard in Resources */,
				7B8075821C3965BB00C7D0EF /* logo.png in Resources */,
				7B80756D1C36C2D000C7D0EF /* Assets.xcassets in Resources */,
				7B80756B1C36C2D000C7D0EF /* Main.storyboard in Resources */,
				B43146531C3A6B3E00BE6A4A /* food_handbag.png in Resources */,
				7B4F9C5C1D25758A00B4B924 /* tj.png in Resources */,
			);
			runOnlyForDeploymentPostprocessing = 0;
		};
/* End PBXResourcesBuildPhase section */

/* Begin PBXSourcesBuildPhase section */
		7B8075591C36C2D000C7D0EF /* Sources */ = {
			isa = PBXSourcesBuildPhase;
			buildActionMask = 2147483647;
			files = (
				B431464D1C3A669E00BE6A4A /* Cell.m in Sources */,
				B43146481C3A57EA00BE6A4A /* biviewconttroller.m in Sources */,
				7B8075681C36C2D000C7D0EF /* ViewController.m in Sources */,
				7B8075651C36C2D000C7D0EF /* AppDelegate.m in Sources */,
				7B8075621C36C2D000C7D0EF /* main.m in Sources */,
			);
			runOnlyForDeploymentPostprocessing = 0;
		};
/* End PBXSourcesBuildPhase section */

/* Begin PBXVariantGroup section */
		7B8075691C36C2D000C7D0EF /* Main.storyboard */ = {
			isa = PBXVariantGroup;
			children = (
				7B80756A1C36C2D000C7D0EF /* Base */,
			);
			name = Main.storyboard;
			sourceTree = "<group>";
		};
		7B80756E1C36C2D000C7D0EF /* LaunchScreen.storyboard */ = {
			isa = PBXVariantGroup;
			children = (
				7B80756F1C36C2D000C7D0EF /* Base */,
			);
			name = LaunchScreen.storyboard;
			sourceTree = "<group>";
		};
/* End PBXVariantGroup section */

/* Begin XCBuildConfiguration section */
		7B8075721C36C2D000C7D0EF /* Debug */ = {
			isa = XCBuildConfiguration;
			buildSettings = {
				ALWAYS_SEARCH_USER_PATHS = NO;
				CLANG_CXX_LANGUAGE_STANDARD = "gnu++0x";
				CLANG_CXX_LIBRARY = "libc++";
				CLANG_ENABLE_MODULES = YES;
				CLANG_ENABLE_OBJC_ARC = YES;
				CLANG_WARN_BOOL_CONVERSION = YES;
				CLANG_WARN_CONSTANT_CONVERSION = YES;
				CLANG_WARN_DIRECT_OBJC_ISA_USAGE = YES_ERROR;
				CLANG_WARN_EMPTY_BODY = YES;
				CLANG_WARN_ENUM_CONVERSION = YES;
				CLANG_WARN_INT_CONVERSION = YES;
				CLANG_WARN_OBJC_ROOT_CLASS = YES_ERROR;
				CLANG_WARN_UNREACHABLE_CODE = YES;
				CLANG_WARN__DUPLICATE_METHOD_MATCH = YES;
				"CODE_SIGN_IDENTITY[sdk=iphoneos*]" = "iPhone Developer";
				COPY_PHASE_STRIP = NO;
				DEBUG_INFORMATION_FORMAT = dwarf;
				ENABLE_STRICT_OBJC_MSGSEND = YES;
				ENABLE_TESTABILITY = YES;
				GCC_C_LANGUAGE_STANDARD = gnu99;
				GCC_DYNAMIC_NO_PIC = NO;
				GCC_NO_COMMON_BLOCKS = YES;
				GCC_OPTIMIZATION_LEVEL = 0;
				GCC_PREPROCESSOR_DEFINITIONS = (
					"DEBUG=1",
					"$(inherited)",
				);
				GCC_WARN_64_TO_32_BIT_CONVERSION = YES;
				GCC_WARN_ABOUT_RETURN_TYPE = YES_ERROR;
				GCC_WARN_UNDECLARED_SELECTOR = YES;
				GCC_WARN_UNINITIALIZED_AUTOS = YES_AGGRESSIVE;
				GCC_WARN_UNUSED_FUNCTION = YES;
				GCC_WARN_UNUSED_VARIABLE = YES;
				IPHONEOS_DEPLOYMENT_TARGET = 9.2;
				MTL_ENABLE_DEBUG_INFO = YES;
				ONLY_ACTIVE_ARCH = YES;
				SDKROOT = iphoneos;
			};
			name = Debug;
		};
		7B8075731C36C2D000C7D0EF /* Release */ = {
			isa = XCBuildConfiguration;
			buildSettings = {
				ALWAYS_SEARCH_USER_PATHS = NO;
				CLANG_CXX_LANGUAGE_STANDARD = "gnu++0x";
				CLANG_CXX_LIBRARY = "libc++";
				CLANG_ENABLE_MODULES = YES;
				CLANG_ENABLE_OBJC_ARC = YES;
				CLANG_WARN_BOOL_CONVERSION = YES;
				CLANG_WARN_CONSTANT_CONVERSION = YES;
				CLANG_WARN_DIRECT_OBJC_ISA_USAGE = YES_ERROR;
				CLANG_WARN_EMPTY_BODY = YES;
				CLANG_WARN_ENUM_CONVERSION = YES;
				CLANG_WARN_INT_CONVERSION = YES;
				CLANG_WARN_OBJC_ROOT_CLASS = YES_ERROR;
				CLANG_WARN_UNREACHABLE_CODE = YES;
				CLANG_WARN__DUPLICATE_METHOD_MATCH = YES;
				"CODE_SIGN_IDENTITY[sdk=iphoneos*]" = "iPhone Developer";
				COPY_PHASE_STRIP = NO;
				DEBUG_INFORMATION_FORMAT = "dwarf-with-dsym";
				ENABLE_NS_ASSERTIONS = NO;
				ENABLE_STRICT_OBJC_MSGSEND = YES;
				GCC_C_LANGUAGE_STANDARD = gnu99;
				GCC_NO_COMMON_BLOCKS = YES;
				GCC_WARN_64_TO_32_BIT_CONVERSION = YES;
				GCC_WARN_ABOUT_RETURN_TYPE = YES_ERROR;
				GCC_WARN_UNDECLARED_SELECTOR = YES;
				GCC_WARN_UNINITIALIZED_AUTOS = YES_AGGRESSIVE;
				GCC_WARN_UNUSED_FUNCTION = YES;
				GCC_WARN_UNUSED_VARIABLE = YES;
				IPHONEOS_DEPLOYMENT_TARGET = 9.2;
				MTL_ENABLE_DEBUG_INFO = NO;
				SDKROOT = iphoneos;
				VALIDATE_PRODUCT = YES;
			};
			name = Release;
		};
		7B8075751C36C2D000C7D0EF /* Debug */ = {
			isa = XCBuildConfiguration;
			buildSettings = {
				ASSETCATALOG_COMPILER_APPICON_NAME = AppIcon;
				CODE_SIGN_IDENTITY = "iPhone Developer";
				ENABLE_BITCODE = NO;
				FRAMEWORK_SEARCH_PATHS = (
					"$(inherited)",
					"$(PROJECT_DIR)/Calorie",
				);
				INFOPLIST_FILE = Calorie/Info.plist;
				IPHONEOS_DEPLOYMENT_TARGET = 8.1;
				LD_RUNPATH_SEARCH_PATHS = "$(inherited) @executable_path/Frameworks";
				PRODUCT_BUNDLE_IDENTIFIER = com.epoluodi.Calorie;
				PRODUCT_NAME = "$(TARGET_NAME)";
			};
			name = Debug;
		};
		7B8075761C36C2D000C7D0EF /* Release */ = {
			isa = XCBuildConfiguration;
			buildSettings = {
				ASSETCATALOG_COMPILER_APPICON_NAME = AppIcon;
				CODE_SIGN_IDENTITY = "iPhone Developer";
				ENABLE_BITCODE = NO;
				FRAMEWORK_SEARCH_PATHS = (
					"$(inherited)",
					"$(PROJECT_DIR)/Calorie",
				);
				INFOPLIST_FILE = Calorie/Info.plist;
				IPHONEOS_DEPLOYMENT_TARGET = 8.1;
				LD_RUNPATH_SEARCH_PATHS = "$(inherited) @executable_path/Frameworks";
				PRODUCT_BUNDLE_IDENTIFIER = com.epoluodi.Calorie;
				PRODUCT_NAME = "$(TARGET_NAME)";
			};
			name = Release;
		};
/* End XCBuildConfiguration section */

/* Begin XCConfigurationList section */
		7B8075581C36C2CF00C7D0EF /* Build configuration list for PBXProject "Calorie" */ = {
			isa = XCConfigurationList;
			buildConfigurations = (
				7B8075721C36C2D000C7D0EF /* Debug */,
				7B8075731C36C2D000C7D0EF /* Release */,
			);
			defaultConfigurationIsVisible = 0;
			defaultConfigurationName = Release;
		};
		7B8075741C36C2D000C7D0EF /* Build configuration list for PBXNativeTarget "Calorie" */ = {
			isa = XCConfigurationList;
			buildConfigurations = (
				7B8075751C36C2D000C7D0EF /* Debug */,
				7B8075761C36C2D000C7D0EF /* Release */,
			);
			defaultConfigurationIsVisible = 0;
			defaultConfigurationName = Release;
		};
/* End XCConfigurationList section */
	};
	rootObject = 7B8075551C36C2CF00C7D0EF /* Project object */;
}
